
Microsoft Visual Studio Solution File, Format Version 12.00
# Visual Studio 15
VisualStudioVersion = 15.0.28010.2050
MinimumVisualStudioVersion = 10.0.40219.1
Project("{FAE04EC0-301F-11D3-BF4B-00C04F79EFBC}") = "APIMM", "APIMM\APIMM.csproj", "{DD2432B7-F5E4-44BB-B6A0-FDFBAE24222C}"
EndProject
Project("{FAE04EC0-301F-11D3-BF4B-00C04F79EFBC}") = "BL", "BL\BL.csproj", "{EFC01931-8D2D-41DF-993D-3E3FEF3D8664}"
EndProject
Project("{FAE04EC0-301F-11D3-BF4B-00C04F79EFBC}") = "DAL", "DAL\DAL.csproj", "{B5AA43E5-18EA-4A8B-86ED-BF9AFF77A838}"
EndProject
Project("{FAE04EC0-301F-11D3-BF4B-00C04F79EFBC}") = "DTO", "DTO\DTO.csproj", "{FF247C27-F6C2-4A8B-8606-970AEE4F6B54}"
EndProject
Global
	GlobalSection(SolutionConfigurationPlatforms) = preSolution
		Debug|Any CPU = Debug|Any CPU
		Release|Any CPU = Release|Any CPU
	EndGlobalSection
	GlobalSection(ProjectConfigurationPlatforms) = postSolution
		{DD2432B7-F5E4-44BB-B6A0-FDFBAE24222C}.Debug|Any CPU.ActiveCfg = Debug|Any CPU
		{DD2432B7-F5E4-44BB-B6A0-FDFBAE24222C}.Debug|Any CPU.Build.0 = Debug|Any CPU
		{DD2432B7-F5E4-44BB-B6A0-FDFBAE24222C}.Release|Any CPU.ActiveCfg = Release|Any CPU
		{DD2432B7-F5E4-44BB-B6A0-FDFBAE24222C}.Release|Any CPU.Build.0 = Release|Any CPU
		{EFC01931-8D2D-41DF-993D-3E3FEF3D8664}.Debug|Any CPU.ActiveCfg = Debug|Any CPU
		{EFC01931-8D2D-41DF-993D-3E3FEF3D8664}.Debug|Any CPU.Build.0 = Debug|Any CPU
		{EFC01931-8D2D-41DF-993D-3E3FEF3D8664}.Release|Any CPU.ActiveCfg = Release|Any CPU
		{EFC01931-8D2D-41DF-993D-3E3FEF3D8664}.Release|Any CPU.Build.0 = Release|Any CPU
		{B5AA43E5-18EA-4A8B-86ED-BF9AFF77A838}.Debug|Any CPU.ActiveCfg = Debug|Any CPU
		{B5AA43E5-18EA-4A8B-86ED-BF9AFF77A838}.Debug|Any CPU.Build.0 = Debug|Any CPU
		{B5AA43E5-18EA-4A8B-86ED-BF9AFF77A838}.Release|Any CPU.ActiveCfg = Release|Any CPU
		{B5AA43E5-18EA-4A8B-86ED-BF9AFF77A838}.Release|Any CPU.Build.0 = Release|Any CPU
		{FF247C27-F6C2-4A8B-8606-970AEE4F6B54}.Debug|Any CPU.ActiveCfg = Debug|Any CPU
		{FF247C27-F6C2-4A8B-8606-970AEE4F6B54}.Debug|Any CPU.Build.0 = Debug|Any CPU
		{FF247C27-F6C2-4A8B-8606-970AEE4F6B54}.Release|Any CPU.ActiveCfg = Release|Any CPU
		{FF247C27-F6C2-4A8B-8606-970AEE4F6B54}.Release|Any CPU.Build.0 = Release|Any CPU
	EndGlobalSection
	GlobalSection(SolutionProperties) = preSolution
		HideSolutionNode = FALSE
	EndGlobalSection
	GlobalSection(ExtensibilityGlobals) = postSolution
		SolutionGuid = {3460BDD5-C09F-4611-A275-F3BE6A95D352}
	EndGlobalSection
EndGlobal
